// !$*UTF8*$!
{
	archiveVersion = 1;
	classes = {
	};
	objectVersion = 51;
	objects = {

/* Begin PBXBuildFile section */
		886A55BCA3B89A3E5C48C530 /* Pods_HunterTests.framework in Frameworks */ = {isa = PBXBuildFile; fileRef = 63CDBA3B5252C7FD3354783A /* Pods_HunterTests.framework */; };
		AD4A0B94251C11A000DC9900 /* AppDelegate.swift in Sources */ = {isa = PBXBuildFile; fileRef = AD4A0B93251C11A000DC9900 /* AppDelegate.swift */; };
		AD4A0B96251C11A000DC9900 /* SceneDelegate.swift in Sources */ = {isa = PBXBuildFile; fileRef = AD4A0B95251C11A000DC9900 /* SceneDelegate.swift */; };
		AD4A0B9D251C11A100DC9900 /* Assets.xcassets in Resources */ = {isa = PBXBuildFile; fileRef = AD4A0B9C251C11A100DC9900 /* Assets.xcassets */; };
		AD4A0BA0251C11A100DC9900 /* LaunchScreen.storyboard in Resources */ = {isa = PBXBuildFile; fileRef = AD4A0B9E251C11A100DC9900 /* LaunchScreen.storyboard */; };
		AD4A0BAB251C11A100DC9900 /* HunterTests.swift in Sources */ = {isa = PBXBuildFile; fileRef = AD4A0BAA251C11A100DC9900 /* HunterTests.swift */; };
		AD4A0BB6251C11A100DC9900 /* HunterUITests.swift in Sources */ = {isa = PBXBuildFile; fileRef = AD4A0BB5251C11A100DC9900 /* HunterUITests.swift */; };
		ADA78286251C1840005840AB /* AuthenticationModule.swift in Sources */ = {isa = PBXBuildFile; fileRef = ADA78285251C1840005840AB /* AuthenticationModule.swift */; };
		ADA7829A251C1902005840AB /* AuthenticationCoordinator.swift in Sources */ = {isa = PBXBuildFile; fileRef = ADA78299251C1902005840AB /* AuthenticationCoordinator.swift */; };
		ADA782A3251C19F0005840AB /* LoginViewController.swift in Sources */ = {isa = PBXBuildFile; fileRef = ADA782A2251C19F0005840AB /* LoginViewController.swift */; };
		ADA782AB251C1A13005840AB /* SignUpViewController.swift in Sources */ = {isa = PBXBuildFile; fileRef = ADA782AA251C1A13005840AB /* SignUpViewController.swift */; };
		ADA782B0251C1A2A005840AB /* AuthenticationViewController.swift in Sources */ = {isa = PBXBuildFile; fileRef = ADA782AF251C1A2A005840AB /* AuthenticationViewController.swift */; };
		ADA782B7251C1ACF005840AB /* UIView+Initialize.swift in Sources */ = {isa = PBXBuildFile; fileRef = ADA782B6251C1ACF005840AB /* UIView+Initialize.swift */; };
		ADA782BF251C1C02005840AB /* UIStackView+Subviews.swift in Sources */ = {isa = PBXBuildFile; fileRef = ADA782BE251C1C02005840AB /* UIStackView+Subviews.swift */; };
		ADA782C4251C1C6F005840AB /* NSLayoutConstraint+Activate.swift in Sources */ = {isa = PBXBuildFile; fileRef = ADA782C3251C1C6F005840AB /* NSLayoutConstraint+Activate.swift */; };
		ADA782CA251C2290005840AB /* HunterButton.swift in Sources */ = {isa = PBXBuildFile; fileRef = ADA782C9251C2290005840AB /* HunterButton.swift */; };
		ADA782D2251C242B005840AB /* Color.swift in Sources */ = {isa = PBXBuildFile; fileRef = ADA782D1251C242B005840AB /* Color.swift */; };
		ADA782D7251C247B005840AB /* UIColor+Hexadecimal.swift in Sources */ = {isa = PBXBuildFile; fileRef = ADA782D6251C247B005840AB /* UIColor+Hexadecimal.swift */; };
		ADA782DC251C299D005840AB /* UIView+Centered.swift in Sources */ = {isa = PBXBuildFile; fileRef = ADA782DB251C299D005840AB /* UIView+Centered.swift */; };
		ADADF666252299FF003364C7 /* TextFieldHandler.swift in Sources */ = {isa = PBXBuildFile; fileRef = ADADF665252299FF003364C7 /* TextFieldHandler.swift */; };
		ADADF66F2522CAA1003364C7 /* GuestCoordinator.swift in Sources */ = {isa = PBXBuildFile; fileRef = ADADF66E2522CAA1003364C7 /* GuestCoordinator.swift */; };
		ADADF6762522CBC9003364C7 /* Router.swift in Sources */ = {isa = PBXBuildFile; fileRef = ADADF6752522CBC9003364C7 /* Router.swift */; };
		ADADF67B2522CD9F003364C7 /* GuestViewController.swift in Sources */ = {isa = PBXBuildFile; fileRef = ADADF67A2522CD9F003364C7 /* GuestViewController.swift */; };
		ADADF6802522CDC9003364C7 /* iOSGuestFactory.swift in Sources */ = {isa = PBXBuildFile; fileRef = ADADF67F2522CDC9003364C7 /* iOSGuestFactory.swift */; };
		ADADF6852522CDED003364C7 /* GuestFactory.swift in Sources */ = {isa = PBXBuildFile; fileRef = ADADF6842522CDED003364C7 /* GuestFactory.swift */; };
		ADADF68A2522CE1E003364C7 /* GuestFlow.swift in Sources */ = {isa = PBXBuildFile; fileRef = ADADF6892522CE1E003364C7 /* GuestFlow.swift */; };
		ADADF68F2522CE83003364C7 /* iOSGuestFlow.swift in Sources */ = {isa = PBXBuildFile; fileRef = ADADF68E2522CE83003364C7 /* iOSGuestFlow.swift */; };
		ADADF6972522CEFE003364C7 /* GuestCaseUse.swift in Sources */ = {isa = PBXBuildFile; fileRef = ADADF6962522CEFE003364C7 /* GuestCaseUse.swift */; };
		ADADF69F2522CF15003364C7 /* RegisterMethod.swift in Sources */ = {isa = PBXBuildFile; fileRef = ADADF69E2522CF15003364C7 /* RegisterMethod.swift */; };
		B360CEBC1BB327E616411986 /* Pods_Hunter.framework in Frameworks */ = {isa = PBXBuildFile; fileRef = 118BCF7AD09771CAD36D8BB2 /* Pods_Hunter.framework */; };
		C19F7AC29346E9949FDF9596 /* Pods_Hunter_HunterUITests.framework in Frameworks */ = {isa = PBXBuildFile; fileRef = 0414FC799329DCE8482D95DC /* Pods_Hunter_HunterUITests.framework */; };
/* End PBXBuildFile section */

/* Begin PBXContainerItemProxy section */
		AD4A0BA7251C11A100DC9900 /* PBXContainerItemProxy */ = {
			isa = PBXContainerItemProxy;
			containerPortal = AD4A0B88251C11A000DC9900 /* Project object */;
			proxyType = 1;
			remoteGlobalIDString = AD4A0B8F251C11A000DC9900;
			remoteInfo = Hunter;
		};
		AD4A0BB2251C11A100DC9900 /* PBXContainerItemProxy */ = {
			isa = PBXContainerItemProxy;
			containerPortal = AD4A0B88251C11A000DC9900 /* Project object */;
			proxyType = 1;
			remoteGlobalIDString = AD4A0B8F251C11A000DC9900;
			remoteInfo = Hunter;
		};
/* End PBXContainerItemProxy section */

/* Begin PBXFileReference section */
		03CE34D0F4862688074EF7D3 /* Pods-Hunter-HunterUITests.release.xcconfig */ = {isa = PBXFileReference; includeInIndex = 1; lastKnownFileType = text.xcconfig; name = "Pods-Hunter-HunterUITests.release.xcconfig"; path = "Target Support Files/Pods-Hunter-HunterUITests/Pods-Hunter-HunterUITests.release.xcconfig"; sourceTree = "<group>"; };
		0414FC799329DCE8482D95DC /* Pods_Hunter_HunterUITests.framework */ = {isa = PBXFileReference; explicitFileType = wrapper.framework; includeInIndex = 0; path = Pods_Hunter_HunterUITests.framework; sourceTree = BUILT_PRODUCTS_DIR; };
		118BCF7AD09771CAD36D8BB2 /* Pods_Hunter.framework */ = {isa = PBXFileReference; explicitFileType = wrapper.framework; includeInIndex = 0; path = Pods_Hunter.framework; sourceTree = BUILT_PRODUCTS_DIR; };
		6007874FFEE9C323C23E348A /* Pods-Hunter-HunterUITests.debug.xcconfig */ = {isa = PBXFileReference; includeInIndex = 1; lastKnownFileType = text.xcconfig; name = "Pods-Hunter-HunterUITests.debug.xcconfig"; path = "Target Support Files/Pods-Hunter-HunterUITests/Pods-Hunter-HunterUITests.debug.xcconfig"; sourceTree = "<group>"; };
		63CDBA3B5252C7FD3354783A /* Pods_HunterTests.framework */ = {isa = PBXFileReference; explicitFileType = wrapper.framework; includeInIndex = 0; path = Pods_HunterTests.framework; sourceTree = BUILT_PRODUCTS_DIR; };
		6E21C80B6614721D3F1E68F9 /* Pods-Hunter.debug.xcconfig */ = {isa = PBXFileReference; includeInIndex = 1; lastKnownFileType = text.xcconfig; name = "Pods-Hunter.debug.xcconfig"; path = "Target Support Files/Pods-Hunter/Pods-Hunter.debug.xcconfig"; sourceTree = "<group>"; };
		AD4A0B90251C11A000DC9900 /* Hunter.app */ = {isa = PBXFileReference; explicitFileType = wrapper.application; includeInIndex = 0; path = Hunter.app; sourceTree = BUILT_PRODUCTS_DIR; };
		AD4A0B93251C11A000DC9900 /* AppDelegate.swift */ = {isa = PBXFileReference; lastKnownFileType = sourcecode.swift; path = AppDelegate.swift; sourceTree = "<group>"; };
		AD4A0B95251C11A000DC9900 /* SceneDelegate.swift */ = {isa = PBXFileReference; lastKnownFileType = sourcecode.swift; path = SceneDelegate.swift; sourceTree = "<group>"; };
		AD4A0B9C251C11A100DC9900 /* Assets.xcassets */ = {isa = PBXFileReference; lastKnownFileType = folder.assetcatalog; path = Assets.xcassets; sourceTree = "<group>"; };
		AD4A0B9F251C11A100DC9900 /* Base */ = {isa = PBXFileReference; lastKnownFileType = file.storyboard; name = Base; path = Base.lproj/LaunchScreen.storyboard; sourceTree = "<group>"; };
		AD4A0BA1251C11A100DC9900 /* Info.plist */ = {isa = PBXFileReference; lastKnownFileType = text.plist.xml; path = Info.plist; sourceTree = "<group>"; };
		AD4A0BA6251C11A100DC9900 /* HunterTests.xctest */ = {isa = PBXFileReference; explicitFileType = wrapper.cfbundle; includeInIndex = 0; path = HunterTests.xctest; sourceTree = BUILT_PRODUCTS_DIR; };
		AD4A0BAA251C11A100DC9900 /* HunterTests.swift */ = {isa = PBXFileReference; lastKnownFileType = sourcecode.swift; path = HunterTests.swift; sourceTree = "<group>"; };
		AD4A0BAC251C11A100DC9900 /* Info.plist */ = {isa = PBXFileReference; lastKnownFileType = text.plist.xml; path = Info.plist; sourceTree = "<group>"; };
		AD4A0BB1251C11A100DC9900 /* HunterUITests.xctest */ = {isa = PBXFileReference; explicitFileType = wrapper.cfbundle; includeInIndex = 0; path = HunterUITests.xctest; sourceTree = BUILT_PRODUCTS_DIR; };
		AD4A0BB5251C11A100DC9900 /* HunterUITests.swift */ = {isa = PBXFileReference; lastKnownFileType = sourcecode.swift; path = HunterUITests.swift; sourceTree = "<group>"; };
		AD4A0BB7251C11A100DC9900 /* Info.plist */ = {isa = PBXFileReference; lastKnownFileType = text.plist.xml; path = Info.plist; sourceTree = "<group>"; };
		ADA78285251C1840005840AB /* AuthenticationModule.swift */ = {isa = PBXFileReference; lastKnownFileType = sourcecode.swift; path = AuthenticationModule.swift; sourceTree = "<group>"; };
		ADA78299251C1902005840AB /* AuthenticationCoordinator.swift */ = {isa = PBXFileReference; lastKnownFileType = sourcecode.swift; path = AuthenticationCoordinator.swift; sourceTree = "<group>"; };
		ADA782A2251C19F0005840AB /* LoginViewController.swift */ = {isa = PBXFileReference; lastKnownFileType = sourcecode.swift; path = LoginViewController.swift; sourceTree = "<group>"; };
		ADA782AA251C1A13005840AB /* SignUpViewController.swift */ = {isa = PBXFileReference; lastKnownFileType = sourcecode.swift; path = SignUpViewController.swift; sourceTree = "<group>"; };
		ADA782AF251C1A2A005840AB /* AuthenticationViewController.swift */ = {isa = PBXFileReference; lastKnownFileType = sourcecode.swift; path = AuthenticationViewController.swift; sourceTree = "<group>"; };
		ADA782B6251C1ACF005840AB /* UIView+Initialize.swift */ = {isa = PBXFileReference; lastKnownFileType = sourcecode.swift; path = "UIView+Initialize.swift"; sourceTree = "<group>"; };
		ADA782BE251C1C02005840AB /* UIStackView+Subviews.swift */ = {isa = PBXFileReference; lastKnownFileType = sourcecode.swift; path = "UIStackView+Subviews.swift"; sourceTree = "<group>"; };
		ADA782C3251C1C6F005840AB /* NSLayoutConstraint+Activate.swift */ = {isa = PBXFileReference; lastKnownFileType = sourcecode.swift; path = "NSLayoutConstraint+Activate.swift"; sourceTree = "<group>"; };
		ADA782C9251C2290005840AB /* HunterButton.swift */ = {isa = PBXFileReference; lastKnownFileType = sourcecode.swift; path = HunterButton.swift; sourceTree = "<group>"; };
		ADA782D1251C242B005840AB /* Color.swift */ = {isa = PBXFileReference; lastKnownFileType = sourcecode.swift; path = Color.swift; sourceTree = "<group>"; };
		ADA782D6251C247B005840AB /* UIColor+Hexadecimal.swift */ = {isa = PBXFileReference; lastKnownFileType = sourcecode.swift; path = "UIColor+Hexadecimal.swift"; sourceTree = "<group>"; };
		ADA782DB251C299D005840AB /* UIView+Centered.swift */ = {isa = PBXFileReference; lastKnownFileType = sourcecode.swift; path = "UIView+Centered.swift"; sourceTree = "<group>"; };
		ADADF665252299FF003364C7 /* TextFieldHandler.swift */ = {isa = PBXFileReference; lastKnownFileType = sourcecode.swift; path = TextFieldHandler.swift; sourceTree = "<group>"; };
		ADADF66E2522CAA1003364C7 /* GuestCoordinator.swift */ = {isa = PBXFileReference; lastKnownFileType = sourcecode.swift; path = GuestCoordinator.swift; sourceTree = "<group>"; };
		ADADF6752522CBC9003364C7 /* Router.swift */ = {isa = PBXFileReference; lastKnownFileType = sourcecode.swift; path = Router.swift; sourceTree = "<group>"; };
		ADADF67A2522CD9F003364C7 /* GuestViewController.swift */ = {isa = PBXFileReference; lastKnownFileType = sourcecode.swift; path = GuestViewController.swift; sourceTree = "<group>"; };
		ADADF67F2522CDC9003364C7 /* iOSGuestFactory.swift */ = {isa = PBXFileReference; lastKnownFileType = sourcecode.swift; path = iOSGuestFactory.swift; sourceTree = "<group>"; };
		ADADF6842522CDED003364C7 /* GuestFactory.swift */ = {isa = PBXFileReference; lastKnownFileType = sourcecode.swift; path = GuestFactory.swift; sourceTree = "<group>"; };
		ADADF6892522CE1E003364C7 /* GuestFlow.swift */ = {isa = PBXFileReference; lastKnownFileType = sourcecode.swift; path = GuestFlow.swift; sourceTree = "<group>"; };
		ADADF68E2522CE83003364C7 /* iOSGuestFlow.swift */ = {isa = PBXFileReference; lastKnownFileType = sourcecode.swift; path = iOSGuestFlow.swift; sourceTree = "<group>"; };
		ADADF6962522CEFE003364C7 /* GuestCaseUse.swift */ = {isa = PBXFileReference; lastKnownFileType = sourcecode.swift; path = GuestCaseUse.swift; sourceTree = "<group>"; };
		ADADF69E2522CF15003364C7 /* RegisterMethod.swift */ = {isa = PBXFileReference; lastKnownFileType = sourcecode.swift; path = RegisterMethod.swift; sourceTree = "<group>"; };
		B22C1F04A2DEDEB70B975CC0 /* Pods-Hunter.release.xcconfig */ = {isa = PBXFileReference; includeInIndex = 1; lastKnownFileType = text.xcconfig; name = "Pods-Hunter.release.xcconfig"; path = "Target Support Files/Pods-Hunter/Pods-Hunter.release.xcconfig"; sourceTree = "<group>"; };
		C9AE6D3A76F45A65280B1283 /* Pods-HunterTests.release.xcconfig */ = {isa = PBXFileReference; includeInIndex = 1; lastKnownFileType = text.xcconfig; name = "Pods-HunterTests.release.xcconfig"; path = "Target Support Files/Pods-HunterTests/Pods-HunterTests.release.xcconfig"; sourceTree = "<group>"; };
		E909DD6C60921D71CC7A7787 /* Pods-HunterTests.debug.xcconfig */ = {isa = PBXFileReference; includeInIndex = 1; lastKnownFileType = text.xcconfig; name = "Pods-HunterTests.debug.xcconfig"; path = "Target Support Files/Pods-HunterTests/Pods-HunterTests.debug.xcconfig"; sourceTree = "<group>"; };
/* End PBXFileReference section */

/* Begin PBXFrameworksBuildPhase section */
		AD4A0B8D251C11A000DC9900 /* Frameworks */ = {
			isa = PBXFrameworksBuildPhase;
			buildActionMask = 2147483647;
			files = (
				B360CEBC1BB327E616411986 /* Pods_Hunter.framework in Frameworks */,
			);
			runOnlyForDeploymentPostprocessing = 0;
		};
		AD4A0BA3251C11A100DC9900 /* Frameworks */ = {
			isa = PBXFrameworksBuildPhase;
			buildActionMask = 2147483647;
			files = (
				886A55BCA3B89A3E5C48C530 /* Pods_HunterTests.framework in Frameworks */,
			);
			runOnlyForDeploymentPostprocessing = 0;
		};
		AD4A0BAE251C11A100DC9900 /* Frameworks */ = {
			isa = PBXFrameworksBuildPhase;
			buildActionMask = 2147483647;
			files = (
				C19F7AC29346E9949FDF9596 /* Pods_Hunter_HunterUITests.framework in Frameworks */,
			);
			runOnlyForDeploymentPostprocessing = 0;
		};
/* End PBXFrameworksBuildPhase section */

/* Begin PBXGroup section */
		AD4A0B87251C11A000DC9900 = {
			isa = PBXGroup;
			children = (
				AD4A0B92251C11A000DC9900 /* Hunter */,
				AD4A0BA9251C11A100DC9900 /* HunterTests */,
				AD4A0BB4251C11A100DC9900 /* HunterUITests */,
				AD4A0B91251C11A000DC9900 /* Products */,
				E163DB71299EA53F30059206 /* Pods */,
				BC749D5EA1166B2913CDFEAD /* Frameworks */,
			);
			sourceTree = "<group>";
		};
		AD4A0B91251C11A000DC9900 /* Products */ = {
			isa = PBXGroup;
			children = (
				AD4A0B90251C11A000DC9900 /* Hunter.app */,
				AD4A0BA6251C11A100DC9900 /* HunterTests.xctest */,
				AD4A0BB1251C11A100DC9900 /* HunterUITests.xctest */,
			);
			name = Products;
			sourceTree = "<group>";
		};
		AD4A0B92251C11A000DC9900 /* Hunter */ = {
			isa = PBXGroup;
			children = (
				AD9064C4251C1715005DC31D /* Engine */,
				ADA78284251C182E005840AB /* Flows */,
				AD9064C3251C1711005DC31D /* Utils */,
				AD4A0BA1251C11A100DC9900 /* Info.plist */,
				AD9064C5251C171A005DC31D /* Resources */,
			);
			path = Hunter;
			sourceTree = "<group>";
		};
		AD4A0BA9251C11A100DC9900 /* HunterTests */ = {
			isa = PBXGroup;
			children = (
				AD4A0BAA251C11A100DC9900 /* HunterTests.swift */,
				AD4A0BAC251C11A100DC9900 /* Info.plist */,
			);
			path = HunterTests;
			sourceTree = "<group>";
		};
		AD4A0BB4251C11A100DC9900 /* HunterUITests */ = {
			isa = PBXGroup;
			children = (
				AD4A0BB5251C11A100DC9900 /* HunterUITests.swift */,
				AD4A0BB7251C11A100DC9900 /* Info.plist */,
			);
			path = HunterUITests;
			sourceTree = "<group>";
		};
		AD9064C3251C1711005DC31D /* Utils */ = {
			isa = PBXGroup;
			children = (
				ADADF6742522CBBF003364C7 /* Navigation */,
				ADADF664252299F8003364C7 /* Handlers */,
				ADA782B4251C1AB3005840AB /* UI */,
				ADA782D1251C242B005840AB /* Color.swift */,
			);
			path = Utils;
			sourceTree = "<group>";
		};
		AD9064C4251C1715005DC31D /* Engine */ = {
			isa = PBXGroup;
			children = (
				ADADF6732522CAAF003364C7 /* Guest */,
				ADA7828F251C18D8005840AB /* Authentication */,
			);
			path = Engine;
			sourceTree = "<group>";
		};
		AD9064C5251C171A005DC31D /* Resources */ = {
			isa = PBXGroup;
			children = (
				AD4A0B93251C11A000DC9900 /* AppDelegate.swift */,
				AD4A0B95251C11A000DC9900 /* SceneDelegate.swift */,
				AD4A0B9E251C11A100DC9900 /* LaunchScreen.storyboard */,
				AD4A0B9C251C11A100DC9900 /* Assets.xcassets */,
			);
			path = Resources;
			sourceTree = "<group>";
		};
		ADA78284251C182E005840AB /* Flows */ = {
			isa = PBXGroup;
			children = (
				ADADF66D2522CA90003364C7 /* Guest */,
				ADA7828E251C18CF005840AB /* Game */,
				ADA7828D251C18C9005840AB /* Authentication */,
			);
			path = Flows;
			sourceTree = "<group>";
		};
		ADA7828D251C18C9005840AB /* Authentication */ = {
			isa = PBXGroup;
			children = (
				ADA78285251C1840005840AB /* AuthenticationModule.swift */,
				ADA782A1251C19DA005840AB /* Controllers */,
			);
			path = Authentication;
			sourceTree = "<group>";
		};
		ADA7828E251C18CF005840AB /* Game */ = {
			isa = PBXGroup;
			children = (
			);
			path = Game;
			sourceTree = "<group>";
		};
		ADA7828F251C18D8005840AB /* Authentication */ = {
			isa = PBXGroup;
			children = (
				ADA78299251C1902005840AB /* AuthenticationCoordinator.swift */,
			);
			path = Authentication;
			sourceTree = "<group>";
		};
		ADA782A1251C19DA005840AB /* Controllers */ = {
			isa = PBXGroup;
			children = (
				ADA782A2251C19F0005840AB /* LoginViewController.swift */,
				ADA782AA251C1A13005840AB /* SignUpViewController.swift */,
				ADA782AF251C1A2A005840AB /* AuthenticationViewController.swift */,
			);
			path = Controllers;
			sourceTree = "<group>";
		};
		ADA782B4251C1AB3005840AB /* UI */ = {
			isa = PBXGroup;
			children = (
				ADA782C8251C227C005840AB /* HunterButton */,
				ADA782B5251C1AB6005840AB /* Extensions */,
			);
			path = UI;
			sourceTree = "<group>";
		};
		ADA782B5251C1AB6005840AB /* Extensions */ = {
			isa = PBXGroup;
			children = (
				ADA782B6251C1ACF005840AB /* UIView+Initialize.swift */,
				ADA782BE251C1C02005840AB /* UIStackView+Subviews.swift */,
				ADA782C3251C1C6F005840AB /* NSLayoutConstraint+Activate.swift */,
				ADA782DB251C299D005840AB /* UIView+Centered.swift */,
				ADA782D6251C247B005840AB /* UIColor+Hexadecimal.swift */,
			);
			path = Extensions;
			sourceTree = "<group>";
		};
		ADA782C8251C227C005840AB /* HunterButton */ = {
			isa = PBXGroup;
			children = (
				ADA782C9251C2290005840AB /* HunterButton.swift */,
			);
			path = HunterButton;
			sourceTree = "<group>";
		};
		ADADF664252299F8003364C7 /* Handlers */ = {
			isa = PBXGroup;
			children = (
				ADADF665252299FF003364C7 /* TextFieldHandler.swift */,
			);
			path = Handlers;
			sourceTree = "<group>";
		};
		ADADF66D2522CA90003364C7 /* Guest */ = {
			isa = PBXGroup;
			children = (
				ADADF68E2522CE83003364C7 /* iOSGuestFlow.swift */,
				ADADF6842522CDED003364C7 /* GuestFactory.swift */,
				ADADF67F2522CDC9003364C7 /* iOSGuestFactory.swift */,
				ADADF67A2522CD9F003364C7 /* GuestViewController.swift */,
			);
			path = Guest;
			sourceTree = "<group>";
		};
		ADADF6732522CAAF003364C7 /* Guest */ = {
			isa = PBXGroup;
			children = (
				ADADF66E2522CAA1003364C7 /* GuestCoordinator.swift */,
				ADADF6892522CE1E003364C7 /* GuestFlow.swift */,
				ADADF6962522CEFE003364C7 /* GuestCaseUse.swift */,
				ADADF69E2522CF15003364C7 /* RegisterMethod.swift */,
			);
			path = Guest;
			sourceTree = "<group>";
		};
		ADADF6742522CBBF003364C7 /* Navigation */ = {
			isa = PBXGroup;
			children = (
				ADADF6752522CBC9003364C7 /* Router.swift */,
			);
			path = Navigation;
			sourceTree = "<group>";
		};
		BC749D5EA1166B2913CDFEAD /* Frameworks */ = {
			isa = PBXGroup;
			children = (
				118BCF7AD09771CAD36D8BB2 /* Pods_Hunter.framework */,
				0414FC799329DCE8482D95DC /* Pods_Hunter_HunterUITests.framework */,
				63CDBA3B5252C7FD3354783A /* Pods_HunterTests.framework */,
			);
			name = Frameworks;
			sourceTree = "<group>";
		};
		E163DB71299EA53F30059206 /* Pods */ = {
			isa = PBXGroup;
			children = (
				6E21C80B6614721D3F1E68F9 /* Pods-Hunter.debug.xcconfig */,
				B22C1F04A2DEDEB70B975CC0 /* Pods-Hunter.release.xcconfig */,
				6007874FFEE9C323C23E348A /* Pods-Hunter-HunterUITests.debug.xcconfig */,
				03CE34D0F4862688074EF7D3 /* Pods-Hunter-HunterUITests.release.xcconfig */,
				E909DD6C60921D71CC7A7787 /* Pods-HunterTests.debug.xcconfig */,
				C9AE6D3A76F45A65280B1283 /* Pods-HunterTests.release.xcconfig */,
			);
			path = Pods;
			sourceTree = "<group>";
		};
/* End PBXGroup section */

/* Begin PBXNativeTarget section */
		AD4A0B8F251C11A000DC9900 /* Hunter */ = {
			isa = PBXNativeTarget;
			buildConfigurationList = AD4A0BBA251C11A100DC9900 /* Build configuration list for PBXNativeTarget "Hunter" */;
			buildPhases = (
				E470C3AC78BC3AEF39E1F37B /* [CP] Check Pods Manifest.lock */,
				AD4A0B8C251C11A000DC9900 /* Sources */,
				AD4A0B8D251C11A000DC9900 /* Frameworks */,
				AD4A0B8E251C11A000DC9900 /* Resources */,
				92E66A6A5E44F67AED82D143 /* [CP] Embed Pods Frameworks */,
			);
			buildRules = (
			);
			dependencies = (
			);
			name = Hunter;
			productName = Hunter;
			productReference = AD4A0B90251C11A000DC9900 /* Hunter.app */;
			productType = "com.apple.product-type.application";
		};
		AD4A0BA5251C11A100DC9900 /* HunterTests */ = {
			isa = PBXNativeTarget;
			buildConfigurationList = AD4A0BBD251C11A100DC9900 /* Build configuration list for PBXNativeTarget "HunterTests" */;
			buildPhases = (
				948D9DEC9B17B26585AC2BE7 /* [CP] Check Pods Manifest.lock */,
				AD4A0BA2251C11A100DC9900 /* Sources */,
				AD4A0BA3251C11A100DC9900 /* Frameworks */,
				AD4A0BA4251C11A100DC9900 /* Resources */,
			);
			buildRules = (
			);
			dependencies = (
				AD4A0BA8251C11A100DC9900 /* PBXTargetDependency */,
			);
			name = HunterTests;
			productName = HunterTests;
			productReference = AD4A0BA6251C11A100DC9900 /* HunterTests.xctest */;
			productType = "com.apple.product-type.bundle.unit-test";
		};
		AD4A0BB0251C11A100DC9900 /* HunterUITests */ = {
			isa = PBXNativeTarget;
			buildConfigurationList = AD4A0BC0251C11A100DC9900 /* Build configuration list for PBXNativeTarget "HunterUITests" */;
			buildPhases = (
				92483CE4092259BF566CCE5C /* [CP] Check Pods Manifest.lock */,
				AD4A0BAD251C11A100DC9900 /* Sources */,
				AD4A0BAE251C11A100DC9900 /* Frameworks */,
				AD4A0BAF251C11A100DC9900 /* Resources */,
				14C73C7DE5F95A8BFEAA690F /* [CP] Embed Pods Frameworks */,
			);
			buildRules = (
			);
			dependencies = (
				AD4A0BB3251C11A100DC9900 /* PBXTargetDependency */,
			);
			name = HunterUITests;
			productName = HunterUITests;
			productReference = AD4A0BB1251C11A100DC9900 /* HunterUITests.xctest */;
			productType = "com.apple.product-type.bundle.ui-testing";
		};
/* End PBXNativeTarget section */

/* Begin PBXProject section */
		AD4A0B88251C11A000DC9900 /* Project object */ = {
			isa = PBXProject;
			attributes = {
				LastSwiftUpdateCheck = 1200;
				LastUpgradeCheck = 1200;
				TargetAttributes = {
					AD4A0B8F251C11A000DC9900 = {
						CreatedOnToolsVersion = 12.0;
					};
					AD4A0BA5251C11A100DC9900 = {
						CreatedOnToolsVersion = 12.0;
						TestTargetID = AD4A0B8F251C11A000DC9900;
					};
					AD4A0BB0251C11A100DC9900 = {
						CreatedOnToolsVersion = 12.0;
						TestTargetID = AD4A0B8F251C11A000DC9900;
					};
				};
			};
			buildConfigurationList = AD4A0B8B251C11A000DC9900 /* Build configuration list for PBXProject "Hunter" */;
			compatibilityVersion = "Xcode 9.3";
			developmentRegion = en;
			hasScannedForEncodings = 0;
			knownRegions = (
				en,
				Base,
			);
			mainGroup = AD4A0B87251C11A000DC9900;
			productRefGroup = AD4A0B91251C11A000DC9900 /* Products */;
			projectDirPath = "";
			projectRoot = "";
			targets = (
				AD4A0B8F251C11A000DC9900 /* Hunter */,
				AD4A0BA5251C11A100DC9900 /* HunterTests */,
				AD4A0BB0251C11A100DC9900 /* HunterUITests */,
			);
		};
/* End PBXProject section */

/* Begin PBXResourcesBuildPhase section */
		AD4A0B8E251C11A000DC9900 /* Resources */ = {
			isa = PBXResourcesBuildPhase;
			buildActionMask = 2147483647;
			files = (
				AD4A0BA0251C11A100DC9900 /* LaunchScreen.storyboard in Resources */,
				AD4A0B9D251C11A100DC9900 /* Assets.xcassets in Resources */,
			);
			runOnlyForDeploymentPostprocessing = 0;
		};
		AD4A0BA4251C11A100DC9900 /* Resources */ = {
			isa = PBXResourcesBuildPhase;
			buildActionMask = 2147483647;
			files = (
			);
			runOnlyForDeploymentPostprocessing = 0;
		};
		AD4A0BAF251C11A100DC9900 /* Resources */ = {
			isa = PBXResourcesBuildPhase;
			buildActionMask = 2147483647;
			files = (
			);
			runOnlyForDeploymentPostprocessing = 0;
		};
/* End PBXResourcesBuildPhase section */

/* Begin PBXShellScriptBuildPhase section */
		14C73C7DE5F95A8BFEAA690F /* [CP] Embed Pods Frameworks */ = {
			isa = PBXShellScriptBuildPhase;
			buildActionMask = 2147483647;
			files = (
			);
			inputFileListPaths = (
				"${PODS_ROOT}/Target Support Files/Pods-Hunter-HunterUITests/Pods-Hunter-HunterUITests-frameworks-${CONFIGURATION}-input-files.xcfilelist",
			);
			name = "[CP] Embed Pods Frameworks";
			outputFileListPaths = (
				"${PODS_ROOT}/Target Support Files/Pods-Hunter-HunterUITests/Pods-Hunter-HunterUITests-frameworks-${CONFIGURATION}-output-files.xcfilelist",
			);
			runOnlyForDeploymentPostprocessing = 0;
			shellPath = /bin/sh;
			shellScript = "\"${PODS_ROOT}/Target Support Files/Pods-Hunter-HunterUITests/Pods-Hunter-HunterUITests-frameworks.sh\"\n";
			showEnvVarsInLog = 0;
		};
		92483CE4092259BF566CCE5C /* [CP] Check Pods Manifest.lock */ = {
			isa = PBXShellScriptBuildPhase;
			buildActionMask = 2147483647;
			files = (
			);
			inputFileListPaths = (
			);
			inputPaths = (
				"${PODS_PODFILE_DIR_PATH}/Podfile.lock",
				"${PODS_ROOT}/Manifest.lock",
			);
			name = "[CP] Check Pods Manifest.lock";
			outputFileListPaths = (
			);
			outputPaths = (
				"$(DERIVED_FILE_DIR)/Pods-Hunter-HunterUITests-checkManifestLockResult.txt",
			);
			runOnlyForDeploymentPostprocessing = 0;
			shellPath = /bin/sh;
			shellScript = "diff \"${PODS_PODFILE_DIR_PATH}/Podfile.lock\" \"${PODS_ROOT}/Manifest.lock\" > /dev/null\nif [ $? != 0 ] ; then\n    # print error to STDERR\n    echo \"error: The sandbox is not in sync with the Podfile.lock. Run 'pod install' or update your CocoaPods installation.\" >&2\n    exit 1\nfi\n# This output is used by Xcode 'outputs' to avoid re-running this script phase.\necho \"SUCCESS\" > \"${SCRIPT_OUTPUT_FILE_0}\"\n";
			showEnvVarsInLog = 0;
		};
		92E66A6A5E44F67AED82D143 /* [CP] Embed Pods Frameworks */ = {
			isa = PBXShellScriptBuildPhase;
			buildActionMask = 2147483647;
			files = (
			);
			inputFileListPaths = (
				"${PODS_ROOT}/Target Support Files/Pods-Hunter/Pods-Hunter-frameworks-${CONFIGURATION}-input-files.xcfilelist",
			);
			name = "[CP] Embed Pods Frameworks";
			outputFileListPaths = (
				"${PODS_ROOT}/Target Support Files/Pods-Hunter/Pods-Hunter-frameworks-${CONFIGURATION}-output-files.xcfilelist",
			);
			runOnlyForDeploymentPostprocessing = 0;
			shellPath = /bin/sh;
			shellScript = "\"${PODS_ROOT}/Target Support Files/Pods-Hunter/Pods-Hunter-frameworks.sh\"\n";
			showEnvVarsInLog = 0;
		};
		948D9DEC9B17B26585AC2BE7 /* [CP] Check Pods Manifest.lock */ = {
			isa = PBXShellScriptBuildPhase;
			buildActionMask = 2147483647;
			files = (
			);
			inputFileListPaths = (
			);
			inputPaths = (
				"${PODS_PODFILE_DIR_PATH}/Podfile.lock",
				"${PODS_ROOT}/Manifest.lock",
			);
			name = "[CP] Check Pods Manifest.lock";
			outputFileListPaths = (
			);
			outputPaths = (
				"$(DERIVED_FILE_DIR)/Pods-HunterTests-checkManifestLockResult.txt",
			);
			runOnlyForDeploymentPostprocessing = 0;
			shellPath = /bin/sh;
			shellScript = "diff \"${PODS_PODFILE_DIR_PATH}/Podfile.lock\" \"${PODS_ROOT}/Manifest.lock\" > /dev/null\nif [ $? != 0 ] ; then\n    # print error to STDERR\n    echo \"error: The sandbox is not in sync with the Podfile.lock. Run 'pod install' or update your CocoaPods installation.\" >&2\n    exit 1\nfi\n# This output is used by Xcode 'outputs' to avoid re-running this script phase.\necho \"SUCCESS\" > \"${SCRIPT_OUTPUT_FILE_0}\"\n";
			showEnvVarsInLog = 0;
		};
		E470C3AC78BC3AEF39E1F37B /* [CP] Check Pods Manifest.lock */ = {
			isa = PBXShellScriptBuildPhase;
			buildActionMask = 2147483647;
			files = (
			);
			inputFileListPaths = (
			);
			inputPaths = (
				"${PODS_PODFILE_DIR_PATH}/Podfile.lock",
				"${PODS_ROOT}/Manifest.lock",
			);
			name = "[CP] Check Pods Manifest.lock";
			outputFileListPaths = (
			);
			outputPaths = (
				"$(DERIVED_FILE_DIR)/Pods-Hunter-checkManifestLockResult.txt",
			);
			runOnlyForDeploymentPostprocessing = 0;
			shellPath = /bin/sh;
			shellScript = "diff \"${PODS_PODFILE_DIR_PATH}/Podfile.lock\" \"${PODS_ROOT}/Manifest.lock\" > /dev/null\nif [ $? != 0 ] ; then\n    # print error to STDERR\n    echo \"error: The sandbox is not in sync with the Podfile.lock. Run 'pod install' or update your CocoaPods installation.\" >&2\n    exit 1\nfi\n# This output is used by Xcode 'outputs' to avoid re-running this script phase.\necho \"SUCCESS\" > \"${SCRIPT_OUTPUT_FILE_0}\"\n";
			showEnvVarsInLog = 0;
		};
/* End PBXShellScriptBuildPhase section */

/* Begin PBXSourcesBuildPhase section */
		AD4A0B8C251C11A000DC9900 /* Sources */ = {
			isa = PBXSourcesBuildPhase;
			buildActionMask = 2147483647;
			files = (
				ADADF666252299FF003364C7 /* TextFieldHandler.swift in Sources */,
				ADADF6852522CDED003364C7 /* GuestFactory.swift in Sources */,
				ADA782C4251C1C6F005840AB /* NSLayoutConstraint+Activate.swift in Sources */,
				ADA782BF251C1C02005840AB /* UIStackView+Subviews.swift in Sources */,
				ADA782B7251C1ACF005840AB /* UIView+Initialize.swift in Sources */,
				ADADF69F2522CF15003364C7 /* RegisterMethod.swift in Sources */,
				ADADF6802522CDC9003364C7 /* iOSGuestFactory.swift in Sources */,
				ADA782AB251C1A13005840AB /* SignUpViewController.swift in Sources */,
				ADA782CA251C2290005840AB /* HunterButton.swift in Sources */,
				ADADF68F2522CE83003364C7 /* iOSGuestFlow.swift in Sources */,
				ADA782D2251C242B005840AB /* Color.swift in Sources */,
				AD4A0B94251C11A000DC9900 /* AppDelegate.swift in Sources */,
				ADA78286251C1840005840AB /* AuthenticationModule.swift in Sources */,
				ADA782D7251C247B005840AB /* UIColor+Hexadecimal.swift in Sources */,
				ADADF6762522CBC9003364C7 /* Router.swift in Sources */,
				ADA782B0251C1A2A005840AB /* AuthenticationViewController.swift in Sources */,
				AD4A0B96251C11A000DC9900 /* SceneDelegate.swift in Sources */,
				ADADF67B2522CD9F003364C7 /* GuestViewController.swift in Sources */,
				ADA782DC251C299D005840AB /* UIView+Centered.swift in Sources */,
				ADADF6972522CEFE003364C7 /* GuestCaseUse.swift in Sources */,
				ADADF66F2522CAA1003364C7 /* GuestCoordinator.swift in Sources */,
				ADA782A3251C19F0005840AB /* LoginViewController.swift in Sources */,
				ADA7829A251C1902005840AB /* AuthenticationCoordinator.swift in Sources */,
				ADADF68A2522CE1E003364C7 /* GuestFlow.swift in Sources */,
			);
			runOnlyForDeploymentPostprocessing = 0;
		};
		AD4A0BA2251C11A100DC9900 /* Sources */ = {
			isa = PBXSourcesBuildPhase;
			buildActionMask = 2147483647;
			files = (
				AD4A0BAB251C11A100DC9900 /* HunterTests.swift in Sources */,
			);
			runOnlyForDeploymentPostprocessing = 0;
		};
		AD4A0BAD251C11A100DC9900 /* Sources */ = {
			isa = PBXSourcesBuildPhase;
			buildActionMask = 2147483647;
			files = (
				AD4A0BB6251C11A100DC9900 /* HunterUITests.swift in Sources */,
			);
			runOnlyForDeploymentPostprocessing = 0;
		};
/* End PBXSourcesBuildPhase section */

/* Begin PBXTargetDependency section */
		AD4A0BA8251C11A100DC9900 /* PBXTargetDependency */ = {
			isa = PBXTargetDependency;
			target = AD4A0B8F251C11A000DC9900 /* Hunter */;
			targetProxy = AD4A0BA7251C11A100DC9900 /* PBXContainerItemProxy */;
		};
		AD4A0BB3251C11A100DC9900 /* PBXTargetDependency */ = {
			isa = PBXTargetDependency;
			target = AD4A0B8F251C11A000DC9900 /* Hunter */;
			targetProxy = AD4A0BB2251C11A100DC9900 /* PBXContainerItemProxy */;
		};
/* End PBXTargetDependency section */

/* Begin PBXVariantGroup section */
		AD4A0B9E251C11A100DC9900 /* LaunchScreen.storyboard */ = {
			isa = PBXVariantGroup;
			children = (
				AD4A0B9F251C11A100DC9900 /* Base */,
			);
			name = LaunchScreen.storyboard;
			sourceTree = "<group>";
		};
/* End PBXVariantGroup section */

/* Begin XCBuildConfiguration section */
		AD4A0BB8251C11A100DC9900 /* Debug */ = {
			isa = XCBuildConfiguration;
			buildSettings = {
				ALWAYS_SEARCH_USER_PATHS = NO;
				CLANG_ANALYZER_NONNULL = YES;
				CLANG_ANALYZER_NUMBER_OBJECT_CONVERSION = YES_AGGRESSIVE;
				CLANG_CXX_LANGUAGE_STANDARD = "gnu++14";
				CLANG_CXX_LIBRARY = "libc++";
				CLANG_ENABLE_MODULES = YES;
				CLANG_ENABLE_OBJC_ARC = YES;
				CLANG_ENABLE_OBJC_WEAK = YES;
				CLANG_WARN_BLOCK_CAPTURE_AUTORELEASING = YES;
				CLANG_WARN_BOOL_CONVERSION = YES;
				CLANG_WARN_COMMA = YES;
				CLANG_WARN_CONSTANT_CONVERSION = YES;
				CLANG_WARN_DEPRECATED_OBJC_IMPLEMENTATIONS = YES;
				CLANG_WARN_DIRECT_OBJC_ISA_USAGE = YES_ERROR;
				CLANG_WARN_DOCUMENTATION_COMMENTS = YES;
				CLANG_WARN_EMPTY_BODY = YES;
				CLANG_WARN_ENUM_CONVERSION = YES;
				CLANG_WARN_INFINITE_RECURSION = YES;
				CLANG_WARN_INT_CONVERSION = YES;
				CLANG_WARN_NON_LITERAL_NULL_CONVERSION = YES;
				CLANG_WARN_OBJC_IMPLICIT_RETAIN_SELF = YES;
				CLANG_WARN_OBJC_LITERAL_CONVERSION = YES;
				CLANG_WARN_OBJC_ROOT_CLASS = YES_ERROR;
				CLANG_WARN_QUOTED_INCLUDE_IN_FRAMEWORK_HEADER = YES;
				CLANG_WARN_RANGE_LOOP_ANALYSIS = YES;
				CLANG_WARN_STRICT_PROTOTYPES = YES;
				CLANG_WARN_SUSPICIOUS_MOVE = YES;
				CLANG_WARN_UNGUARDED_AVAILABILITY = YES_AGGRESSIVE;
				CLANG_WARN_UNREACHABLE_CODE = YES;
				CLANG_WARN__DUPLICATE_METHOD_MATCH = YES;
				COPY_PHASE_STRIP = NO;
				DEBUG_INFORMATION_FORMAT = dwarf;
				ENABLE_STRICT_OBJC_MSGSEND = YES;
				ENABLE_TESTABILITY = YES;
				GCC_C_LANGUAGE_STANDARD = gnu11;
				GCC_DYNAMIC_NO_PIC = NO;
				GCC_NO_COMMON_BLOCKS = YES;
				GCC_OPTIMIZATION_LEVEL = 0;
				GCC_PREPROCESSOR_DEFINITIONS = (
					"DEBUG=1",
					"$(inherited)",
				);
				GCC_WARN_64_TO_32_BIT_CONVERSION = YES;
				GCC_WARN_ABOUT_RETURN_TYPE = YES_ERROR;
				GCC_WARN_UNDECLARED_SELECTOR = YES;
				GCC_WARN_UNINITIALIZED_AUTOS = YES_AGGRESSIVE;
				GCC_WARN_UNUSED_FUNCTION = YES;
				GCC_WARN_UNUSED_VARIABLE = YES;
				IPHONEOS_DEPLOYMENT_TARGET = 14.0;
				MTL_ENABLE_DEBUG_INFO = INCLUDE_SOURCE;
				MTL_FAST_MATH = YES;
				ONLY_ACTIVE_ARCH = YES;
				SDKROOT = iphoneos;
				SWIFT_ACTIVE_COMPILATION_CONDITIONS = DEBUG;
				SWIFT_OPTIMIZATION_LEVEL = "-Onone";
			};
			name = Debug;
		};
		AD4A0BB9251C11A100DC9900 /* Release */ = {
			isa = XCBuildConfiguration;
			buildSettings = {
				ALWAYS_SEARCH_USER_PATHS = NO;
				CLANG_ANALYZER_NONNULL = YES;
				CLANG_ANALYZER_NUMBER_OBJECT_CONVERSION = YES_AGGRESSIVE;
				CLANG_CXX_LANGUAGE_STANDARD = "gnu++14";
				CLANG_CXX_LIBRARY = "libc++";
				CLANG_ENABLE_MODULES = YES;
				CLANG_ENABLE_OBJC_ARC = YES;
				CLANG_ENABLE_OBJC_WEAK = YES;
				CLANG_WARN_BLOCK_CAPTURE_AUTORELEASING = YES;
				CLANG_WARN_BOOL_CONVERSION = YES;
				CLANG_WARN_COMMA = YES;
				CLANG_WARN_CONSTANT_CONVERSION = YES;
				CLANG_WARN_DEPRECATED_OBJC_IMPLEMENTATIONS = YES;
				CLANG_WARN_DIRECT_OBJC_ISA_USAGE = YES_ERROR;
				CLANG_WARN_DOCUMENTATION_COMMENTS = YES;
				CLANG_WARN_EMPTY_BODY = YES;
				CLANG_WARN_ENUM_CONVERSION = YES;
				CLANG_WARN_INFINITE_RECURSION = YES;
				CLANG_WARN_INT_CONVERSION = YES;
				CLANG_WARN_NON_LITERAL_NULL_CONVERSION = YES;
				CLANG_WARN_OBJC_IMPLICIT_RETAIN_SELF = YES;
				CLANG_WARN_OBJC_LITERAL_CONVERSION = YES;
				CLANG_WARN_OBJC_ROOT_CLASS = YES_ERROR;
				CLANG_WARN_QUOTED_INCLUDE_IN_FRAMEWORK_HEADER = YES;
				CLANG_WARN_RANGE_LOOP_ANALYSIS = YES;
				CLANG_WARN_STRICT_PROTOTYPES = YES;
				CLANG_WARN_SUSPICIOUS_MOVE = YES;
				CLANG_WARN_UNGUARDED_AVAILABILITY = YES_AGGRESSIVE;
				CLANG_WARN_UNREACHABLE_CODE = YES;
				CLANG_WARN__DUPLICATE_METHOD_MATCH = YES;
				COPY_PHASE_STRIP = NO;
				DEBUG_INFORMATION_FORMAT = "dwarf-with-dsym";
				ENABLE_NS_ASSERTIONS = NO;
				ENABLE_STRICT_OBJC_MSGSEND = YES;
				GCC_C_LANGUAGE_STANDARD = gnu11;
				GCC_NO_COMMON_BLOCKS = YES;
				GCC_WARN_64_TO_32_BIT_CONVERSION = YES;
				GCC_WARN_ABOUT_RETURN_TYPE = YES_ERROR;
				GCC_WARN_UNDECLARED_SELECTOR = YES;
				GCC_WARN_UNINITIALIZED_AUTOS = YES_AGGRESSIVE;
				GCC_WARN_UNUSED_FUNCTION = YES;
				GCC_WARN_UNUSED_VARIABLE = YES;
				IPHONEOS_DEPLOYMENT_TARGET = 14.0;
				MTL_ENABLE_DEBUG_INFO = NO;
				MTL_FAST_MATH = YES;
				SDKROOT = iphoneos;
				SWIFT_COMPILATION_MODE = wholemodule;
				SWIFT_OPTIMIZATION_LEVEL = "-O";
				VALIDATE_PRODUCT = YES;
			};
			name = Release;
		};
		AD4A0BBB251C11A100DC9900 /* Debug */ = {
			isa = XCBuildConfiguration;
			baseConfigurationReference = 6E21C80B6614721D3F1E68F9 /* Pods-Hunter.debug.xcconfig */;
			buildSettings = {
				ASSETCATALOG_COMPILER_APPICON_NAME = AppIcon;
				ASSETCATALOG_COMPILER_GLOBAL_ACCENT_COLOR_NAME = AccentColor;
				CODE_SIGN_STYLE = Automatic;
				INFOPLIST_FILE = Hunter/Info.plist;
				LD_RUNPATH_SEARCH_PATHS = (
					"$(inherited)",
					"@executable_path/Frameworks",
				);
				PRODUCT_BUNDLE_IDENTIFIER = edu.utn.frba.Hunter;
				PRODUCT_NAME = "$(TARGET_NAME)";
				SWIFT_VERSION = 5.0;
				TARGETED_DEVICE_FAMILY = "1,2";
			};
			name = Debug;
		};
		AD4A0BBC251C11A100DC9900 /* Release */ = {
			isa = XCBuildConfiguration;
			baseConfigurationReference = B22C1F04A2DEDEB70B975CC0 /* Pods-Hunter.release.xcconfig */;
			buildSettings = {
				ASSETCATALOG_COMPILER_APPICON_NAME = AppIcon;
				ASSETCATALOG_COMPILER_GLOBAL_ACCENT_COLOR_NAME = AccentColor;
				CODE_SIGN_STYLE = Automatic;
				INFOPLIST_FILE = Hunter/Info.plist;
				LD_RUNPATH_SEARCH_PATHS = (
					"$(inherited)",
					"@executable_path/Frameworks",
				);
				PRODUCT_BUNDLE_IDENTIFIER = edu.utn.frba.Hunter;
				PRODUCT_NAME = "$(TARGET_NAME)";
				SWIFT_VERSION = 5.0;
				TARGETED_DEVICE_FAMILY = "1,2";
			};
			name = Release;
		};
		AD4A0BBE251C11A100DC9900 /* Debug */ = {
			isa = XCBuildConfiguration;
			baseConfigurationReference = E909DD6C60921D71CC7A7787 /* Pods-HunterTests.debug.xcconfig */;
			buildSettings = {
				ALWAYS_EMBED_SWIFT_STANDARD_LIBRARIES = YES;
				BUNDLE_LOADER = "$(TEST_HOST)";
				CODE_SIGN_STYLE = Automatic;
				INFOPLIST_FILE = HunterTests/Info.plist;
				IPHONEOS_DEPLOYMENT_TARGET = 14.0;
				LD_RUNPATH_SEARCH_PATHS = (
					"$(inherited)",
					"@executable_path/Frameworks",
					"@loader_path/Frameworks",
				);
				PRODUCT_BUNDLE_IDENTIFIER = edu.utn.frba.HunterTests;
				PRODUCT_NAME = "$(TARGET_NAME)";
				SWIFT_VERSION = 5.0;
				TARGETED_DEVICE_FAMILY = "1,2";
				TEST_HOST = "$(BUILT_PRODUCTS_DIR)/Hunter.app/Hunter";
			};
			name = Debug;
		};
		AD4A0BBF251C11A100DC9900 /* Release */ = {
			isa = XCBuildConfiguration;
			baseConfigurationReference = C9AE6D3A76F45A65280B1283 /* Pods-HunterTests.release.xcconfig */;
			buildSettings = {
				ALWAYS_EMBED_SWIFT_STANDARD_LIBRARIES = YES;
				BUNDLE_LOADER = "$(TEST_HOST)";
				CODE_SIGN_STYLE = Automatic;
				INFOPLIST_FILE = HunterTests/Info.plist;
				IPHONEOS_DEPLOYMENT_TARGET = 14.0;
				LD_RUNPATH_SEARCH_PATHS = (
					"$(inherited)",
					"@executable_path/Frameworks",
					"@loader_path/Frameworks",
				);
				PRODUCT_BUNDLE_IDENTIFIER = edu.utn.frba.HunterTests;
				PRODUCT_NAME = "$(TARGET_NAME)";
				SWIFT_VERSION = 5.0;
				TARGETED_DEVICE_FAMILY = "1,2";
				TEST_HOST = "$(BUILT_PRODUCTS_DIR)/Hunter.app/Hunter";
			};
			name = Release;
		};
		AD4A0BC1251C11A100DC9900 /* Debug */ = {
			isa = XCBuildConfiguration;
			baseConfigurationReference = 6007874FFEE9C323C23E348A /* Pods-Hunter-HunterUITests.debug.xcconfig */;
			buildSettings = {
				ALWAYS_EMBED_SWIFT_STANDARD_LIBRARIES = YES;
				CODE_SIGN_STYLE = Automatic;
				INFOPLIST_FILE = HunterUITests/Info.plist;
				LD_RUNPATH_SEARCH_PATHS = (
					"$(inherited)",
					"@executable_path/Frameworks",
					"@loader_path/Frameworks",
				);
				PRODUCT_BUNDLE_IDENTIFIER = edu.utn.frba.HunterUITests;
				PRODUCT_NAME = "$(TARGET_NAME)";
				SWIFT_VERSION = 5.0;
				TARGETED_DEVICE_FAMILY = "1,2";
				TEST_TARGET_NAME = Hunter;
			};
			name = Debug;
		};
		AD4A0BC2251C11A100DC9900 /* Release */ = {
			isa = XCBuildConfiguration;
			baseConfigurationReference = 03CE34D0F4862688074EF7D3 /* Pods-Hunter-HunterUITests.release.xcconfig */;
			buildSettings = {
				ALWAYS_EMBED_SWIFT_STANDARD_LIBRARIES = YES;
				CODE_SIGN_STYLE = Automatic;
				INFOPLIST_FILE = HunterUITests/Info.plist;
				LD_RUNPATH_SEARCH_PATHS = (
					"$(inherited)",
					"@executable_path/Frameworks",
					"@loader_path/Frameworks",
				);
				PRODUCT_BUNDLE_IDENTIFIER = edu.utn.frba.HunterUITests;
				PRODUCT_NAME = "$(TARGET_NAME)";
				SWIFT_VERSION = 5.0;
				TARGETED_DEVICE_FAMILY = "1,2";
				TEST_TARGET_NAME = Hunter;
			};
			name = Release;
		};
/* End XCBuildConfiguration section */

/* Begin XCConfigurationList section */
		AD4A0B8B251C11A000DC9900 /* Build configuration list for PBXProject "Hunter" */ = {
			isa = XCConfigurationList;
			buildConfigurations = (
				AD4A0BB8251C11A100DC9900 /* Debug */,
				AD4A0BB9251C11A100DC9900 /* Release */,
			);
			defaultConfigurationIsVisible = 0;
			defaultConfigurationName = Release;
		};
		AD4A0BBA251C11A100DC9900 /* Build configuration list for PBXNativeTarget "Hunter" */ = {
			isa = XCConfigurationList;
			buildConfigurations = (
				AD4A0BBB251C11A100DC9900 /* Debug */,
				AD4A0BBC251C11A100DC9900 /* Release */,
			);
			defaultConfigurationIsVisible = 0;
			defaultConfigurationName = Release;
		};
		AD4A0BBD251C11A100DC9900 /* Build configuration list for PBXNativeTarget "HunterTests" */ = {
			isa = XCConfigurationList;
			buildConfigurations = (
				AD4A0BBE251C11A100DC9900 /* Debug */,
				AD4A0BBF251C11A100DC9900 /* Release */,
			);
			defaultConfigurationIsVisible = 0;
			defaultConfigurationName = Release;
		};
		AD4A0BC0251C11A100DC9900 /* Build configuration list for PBXNativeTarget "HunterUITests" */ = {
			isa = XCConfigurationList;
			buildConfigurations = (
				AD4A0BC1251C11A100DC9900 /* Debug */,
				AD4A0BC2251C11A100DC9900 /* Release */,
			);
			defaultConfigurationIsVisible = 0;
			defaultConfigurationName = Release;
		};
/* End XCConfigurationList section */
	};
	rootObject = AD4A0B88251C11A000DC9900 /* Project object */;
}
